
Microsoft Visual Studio Solution File, Format Version 12.00
# Visual Studio Version 17
VisualStudioVersion = 17.1.32421.90
MinimumVisualStudioVersion = 10.0.40219.1
Project("{FAE04EC0-301F-11D3-BF4B-00C04F79EFBC}") = "MusicCollection", "MusicCollection\MusicCollection.csproj", "{8A668617-C9B5-42B4-96A0-4535DCCDE9B4}"
EndProject
Project("{FAE04EC0-301F-11D3-BF4B-00C04F79EFBC}") = "MusicCollectionTests", "MusicCollectionTests\MusicCollectionTests.csproj", "{904BD79B-FD16-4431-87D8-917A8C71D721}"
EndProject
Global
	GlobalSection(SolutionConfigurationPlatforms) = preSolution
		Debug|Any CPU = Debug|Any CPU
		Release|Any CPU = Release|Any CPU
	EndGlobalSection
	GlobalSection(ProjectConfigurationPlatforms) = postSolution
		{8A668617-C9B5-42B4-96A0-4535DCCDE9B4}.Debug|Any CPU.ActiveCfg = Debug|Any CPU
		{8A668617-C9B5-42B4-96A0-4535DCCDE9B4}.Debug|Any CPU.Build.0 = Debug|Any CPU
		{8A668617-C9B5-42B4-96A0-4535DCCDE9B4}.Release|Any CPU.ActiveCfg = Release|Any CPU
		{8A668617-C9B5-42B4-96A0-4535DCCDE9B4}.Release|Any CPU.Build.0 = Release|Any CPU
		{904BD79B-FD16-4431-87D8-917A8C71D721}.Debug|Any CPU.ActiveCfg = Debug|Any CPU
		{904BD79B-FD16-4431-87D8-917A8C71D721}.Debug|Any CPU.Build.0 = Debug|Any CPU
		{904BD79B-FD16-4431-87D8-917A8C71D721}.Release|Any CPU.ActiveCfg = Release|Any CPU
		{904BD79B-FD16-4431-87D8-917A8C71D721}.Release|Any CPU.Build.0 = Release|Any CPU
	EndGlobalSection
	GlobalSection(SolutionProperties) = preSolution
		HideSolutionNode = FALSE
	EndGlobalSection
	GlobalSection(ExtensibilityGlobals) = postSolution
		SolutionGuid = {6FF50DA2-9465-40DC-B8A2-7BF856DB9509}
	EndGlobalSection
EndGlobal
